
Microsoft Visual Studio Solution File, Format Version 12.00
# Visual Studio 15
VisualStudioVersion = 15.0.28307.705
MinimumVisualStudioVersion = 10.0.40219.1
Project("{FAE04EC0-301F-11D3-BF4B-00C04F79EFBC}") = "CoffeeMachine", "CoffeeMachine\CoffeeMachine.csproj", "{D73FEB2B-4406-4D85-BCB9-7AEB855EC365}"
EndProject
Project("{FAE04EC0-301F-11D3-BF4B-00C04F79EFBC}") = "CoffeeMachine.Tests", "CoffeeMachine.Tests\CoffeeMachine.Tests.csproj", "{732A5367-6806-4C46-8AEB-B07CBA347142}"
EndProject
Project("{FAE04EC0-301F-11D3-BF4B-00C04F79EFBC}") = "CoffeeMachine.Model", "CoffeeMachine.Model\CoffeeMachine.Model.csproj", "{F489D2EE-E33D-4744-AB0B-104C671E9380}"
EndProject
Global
	GlobalSection(SolutionConfigurationPlatforms) = preSolution
		Debug|Any CPU = Debug|Any CPU
		Release|Any CPU = Release|Any CPU
	EndGlobalSection
	GlobalSection(ProjectConfigurationPlatforms) = postSolution
		{D73FEB2B-4406-4D85-BCB9-7AEB855EC365}.Debug|Any CPU.ActiveCfg = Debug|Any CPU
		{D73FEB2B-4406-4D85-BCB9-7AEB855EC365}.Debug|Any CPU.Build.0 = Debug|Any CPU
		{D73FEB2B-4406-4D85-BCB9-7AEB855EC365}.Release|Any CPU.ActiveCfg = Release|Any CPU
		{D73FEB2B-4406-4D85-BCB9-7AEB855EC365}.Release|Any CPU.Build.0 = Release|Any CPU
		{732A5367-6806-4C46-8AEB-B07CBA347142}.Debug|Any CPU.ActiveCfg = Debug|Any CPU
		{732A5367-6806-4C46-8AEB-B07CBA347142}.Debug|Any CPU.Build.0 = Debug|Any CPU
		{732A5367-6806-4C46-8AEB-B07CBA347142}.Release|Any CPU.ActiveCfg = Release|Any CPU
		{732A5367-6806-4C46-8AEB-B07CBA347142}.Release|Any CPU.Build.0 = Release|Any CPU
		{F489D2EE-E33D-4744-AB0B-104C671E9380}.Debug|Any CPU.ActiveCfg = Debug|Any CPU
		{F489D2EE-E33D-4744-AB0B-104C671E9380}.Debug|Any CPU.Build.0 = Debug|Any CPU
		{F489D2EE-E33D-4744-AB0B-104C671E9380}.Release|Any CPU.ActiveCfg = Release|Any CPU
		{F489D2EE-E33D-4744-AB0B-104C671E9380}.Release|Any CPU.Build.0 = Release|Any CPU
	EndGlobalSection
	GlobalSection(SolutionProperties) = preSolution
		HideSolutionNode = FALSE
	EndGlobalSection
	GlobalSection(ExtensibilityGlobals) = postSolution
		SolutionGuid = {F10093B1-3058-4D4E-A744-A05F5ADAEAD2}
	EndGlobalSection
EndGlobal
